// !$*UTF8*$!
{
	archiveVersion = 1;
	classes = {
	};
	objectVersion = 46;
	objects = {

/* Begin PBXBuildFile section */
		A75B27471D22905600DB6FC1 /* main.swift in Sources */ = {isa = PBXBuildFile; fileRef = A75B27461D22905600DB6FC1 /* main.swift */; };
		A75B275B1D22907500DB6FC1 /* Mapper.swift in Sources */ = {isa = PBXBuildFile; fileRef = A75B274E1D22907500DB6FC1 /* Mapper.swift */; };
		A75B275C1D22907500DB6FC1 /* Generator.swift in Sources */ = {isa = PBXBuildFile; fileRef = A75B27501D22907500DB6FC1 /* Generator.swift */; };
		A75B275D1D22907500DB6FC1 /* HeaderGenerator.swift in Sources */ = {isa = PBXBuildFile; fileRef = A75B27511D22907500DB6FC1 /* HeaderGenerator.swift */; };
		A75B275E1D22907500DB6FC1 /* SwiftStructExtensionGenerator.swift in Sources */ = {isa = PBXBuildFile; fileRef = A75B27521D22907500DB6FC1 /* SwiftStructExtensionGenerator.swift */; };
		A75B275F1D22907500DB6FC1 /* SwiftStructFileGenerator.swift in Sources */ = {isa = PBXBuildFile; fileRef = A75B27531D22907500DB6FC1 /* SwiftStructFileGenerator.swift */; };
		A75B27601D22907500DB6FC1 /* SwiftStructGenerator.swift in Sources */ = {isa = PBXBuildFile; fileRef = A75B27541D22907500DB6FC1 /* SwiftStructGenerator.swift */; };
		A75B27611D22907500DB6FC1 /* FileCreator.swift in Sources */ = {isa = PBXBuildFile; fileRef = A75B27561D22907500DB6FC1 /* FileCreator.swift */; };
		A75B27621D22907500DB6FC1 /* Dictionary+JSONToSwiftGenerator.swift in Sources */ = {isa = PBXBuildFile; fileRef = A75B27581D22907500DB6FC1 /* Dictionary+JSONToSwiftGenerator.swift */; };
		A75B27631D22907500DB6FC1 /* NSNumber+JSONToSwiftGenerator.swift in Sources */ = {isa = PBXBuildFile; fileRef = A75B27591D22907500DB6FC1 /* NSNumber+JSONToSwiftGenerator.swift */; };
		A75B27641D22907500DB6FC1 /* String+JSONToSwiftGenerator.swift in Sources */ = {isa = PBXBuildFile; fileRef = A75B275A1D22907500DB6FC1 /* String+JSONToSwiftGenerator.swift */; };
/* End PBXBuildFile section */

/* Begin PBXCopyFilesBuildPhase section */
		A75B27411D22905600DB6FC1 /* CopyFiles */ = {
			isa = PBXCopyFilesBuildPhase;
			buildActionMask = 2147483647;
			dstPath = /usr/share/man/man1/;
			dstSubfolderSpec = 0;
			files = (
			);
			runOnlyForDeploymentPostprocessing = 1;
		};
/* End PBXCopyFilesBuildPhase section */

/* Begin PBXFileReference section */
		A75B27431D22905600DB6FC1 /* JSONToSwiftGenerator */ = {isa = PBXFileReference; explicitFileType = "compiled.mach-o.executable"; includeInIndex = 0; path = JSONToSwiftGenerator; sourceTree = BUILT_PRODUCTS_DIR; };
		A75B27461D22905600DB6FC1 /* main.swift */ = {isa = PBXFileReference; lastKnownFileType = sourcecode.swift; lineEnding = 0; path = main.swift; sourceTree = "<group>"; xcLanguageSpecificationIdentifier = xcode.lang.swift; };
		A75B274E1D22907500DB6FC1 /* Mapper.swift */ = {isa = PBXFileReference; fileEncoding = 4; lastKnownFileType = sourcecode.swift; lineEnding = 0; path = Mapper.swift; sourceTree = "<group>"; xcLanguageSpecificationIdentifier = xcode.lang.swift; };
		A75B27501D22907500DB6FC1 /* Generator.swift */ = {isa = PBXFileReference; fileEncoding = 4; lastKnownFileType = sourcecode.swift; lineEnding = 0; path = Generator.swift; sourceTree = "<group>"; xcLanguageSpecificationIdentifier = xcode.lang.swift; };
		A75B27511D22907500DB6FC1 /* HeaderGenerator.swift */ = {isa = PBXFileReference; fileEncoding = 4; lastKnownFileType = sourcecode.swift; lineEnding = 0; path = HeaderGenerator.swift; sourceTree = "<group>"; xcLanguageSpecificationIdentifier = xcode.lang.swift; };
		A75B27521D22907500DB6FC1 /* SwiftStructExtensionGenerator.swift */ = {isa = PBXFileReference; fileEncoding = 4; lastKnownFileType = sourcecode.swift; lineEnding = 0; path = SwiftStructExtensionGenerator.swift; sourceTree = "<group>"; xcLanguageSpecificationIdentifier = xcode.lang.swift; };
		A75B27531D22907500DB6FC1 /* SwiftStructFileGenerator.swift */ = {isa = PBXFileReference; fileEncoding = 4; lastKnownFileType = sourcecode.swift; lineEnding = 0; path = SwiftStructFileGenerator.swift; sourceTree = "<group>"; xcLanguageSpecificationIdentifier = xcode.lang.swift; };
		A75B27541D22907500DB6FC1 /* SwiftStructGenerator.swift */ = {isa = PBXFileReference; fileEncoding = 4; lastKnownFileType = sourcecode.swift; lineEnding = 0; path = SwiftStructGenerator.swift; sourceTree = "<group>"; xcLanguageSpecificationIdentifier = xcode.lang.swift; };
		A75B27561D22907500DB6FC1 /* FileCreator.swift */ = {isa = PBXFileReference; fileEncoding = 4; lastKnownFileType = sourcecode.swift; lineEnding = 0; path = FileCreator.swift; sourceTree = "<group>"; xcLanguageSpecificationIdentifier = xcode.lang.swift; };
		A75B27581D22907500DB6FC1 /* Dictionary+JSONToSwiftGenerator.swift */ = {isa = PBXFileReference; fileEncoding = 4; lastKnownFileType = sourcecode.swift; lineEnding = 0; path = "Dictionary+JSONToSwiftGenerator.swift"; sourceTree = "<group>"; xcLanguageSpecificationIdentifier = xcode.lang.swift; };
		A75B27591D22907500DB6FC1 /* NSNumber+JSONToSwiftGenerator.swift */ = {isa = PBXFileReference; fileEncoding = 4; lastKnownFileType = sourcecode.swift; lineEnding = 0; path = "NSNumber+JSONToSwiftGenerator.swift"; sourceTree = "<group>"; xcLanguageSpecificationIdentifier = xcode.lang.swift; };
		A75B275A1D22907500DB6FC1 /* String+JSONToSwiftGenerator.swift */ = {isa = PBXFileReference; fileEncoding = 4; lastKnownFileType = sourcecode.swift; lineEnding = 0; path = "String+JSONToSwiftGenerator.swift"; sourceTree = "<group>"; xcLanguageSpecificationIdentifier = xcode.lang.swift; };
/* End PBXFileReference section */

/* Begin PBXFrameworksBuildPhase section */
		A75B27401D22905600DB6FC1 /* Frameworks */ = {
			isa = PBXFrameworksBuildPhase;
			buildActionMask = 2147483647;
			files = (
			);
			runOnlyForDeploymentPostprocessing = 0;
		};
/* End PBXFrameworksBuildPhase section */

/* Begin PBXGroup section */
		A75B273A1D22905600DB6FC1 = {
			isa = PBXGroup;
			children = (
				A75B27451D22905600DB6FC1 /* JSONToSwiftGenerator */,
				A75B27441D22905600DB6FC1 /* Products */,
			);
			sourceTree = "<group>";
		};
		A75B27441D22905600DB6FC1 /* Products */ = {
			isa = PBXGroup;
			children = (
				A75B27431D22905600DB6FC1 /* JSONToSwiftGenerator */,
			);
			name = Products;
			sourceTree = "<group>";
		};
		A75B27451D22905600DB6FC1 /* JSONToSwiftGenerator */ = {
			isa = PBXGroup;
			children = (
				A75B27571D22907500DB6FC1 /* Extensions */,
				A75B274D1D22907500DB6FC1 /* Mapper */,
				A75B274F1D22907500DB6FC1 /* Generator */,
				A75B27551D22907500DB6FC1 /* FileCreator */,
				A75B27461D22905600DB6FC1 /* main.swift */,
			);
			path = JSONToSwiftGenerator;
			sourceTree = "<group>";
		};
		A75B274D1D22907500DB6FC1 /* Mapper */ = {
			isa = PBXGroup;
			children = (
				A75B274E1D22907500DB6FC1 /* Mapper.swift */,
			);
			path = Mapper;
			sourceTree = "<group>";
		};
		A75B274F1D22907500DB6FC1 /* Generator */ = {
			isa = PBXGroup;
			children = (
				A75B27501D22907500DB6FC1 /* Generator.swift */,
				A75B27511D22907500DB6FC1 /* HeaderGenerator.swift */,
				A75B27521D22907500DB6FC1 /* SwiftStructExtensionGenerator.swift */,
				A75B27531D22907500DB6FC1 /* SwiftStructFileGenerator.swift */,
				A75B27541D22907500DB6FC1 /* SwiftStructGenerator.swift */,
			);
			path = Generator;
			sourceTree = "<group>";
		};
		A75B27551D22907500DB6FC1 /* FileCreator */ = {
			isa = PBXGroup;
			children = (
				A75B27561D22907500DB6FC1 /* FileCreator.swift */,
			);
			path = FileCreator;
			sourceTree = "<group>";
		};
		A75B27571D22907500DB6FC1 /* Extensions */ = {
			isa = PBXGroup;
			children = (
				A75B27581D22907500DB6FC1 /* Dictionary+JSONToSwiftGenerator.swift */,
				A75B27591D22907500DB6FC1 /* NSNumber+JSONToSwiftGenerator.swift */,
				A75B275A1D22907500DB6FC1 /* String+JSONToSwiftGenerator.swift */,
			);
			path = Extensions;
			sourceTree = "<group>";
		};
/* End PBXGroup section */

/* Begin PBXNativeTarget section */
		A75B27421D22905600DB6FC1 /* JSONToSwiftGenerator */ = {
			isa = PBXNativeTarget;
			buildConfigurationList = A75B274A1D22905600DB6FC1 /* Build configuration list for PBXNativeTarget "JSONToSwiftGenerator" */;
			buildPhases = (
				A75B273F1D22905600DB6FC1 /* Sources */,
				A75B27401D22905600DB6FC1 /* Frameworks */,
				A75B27411D22905600DB6FC1 /* CopyFiles */,
			);
			buildRules = (
			);
			dependencies = (
			);
			name = JSONToSwiftGenerator;
			productName = JSONToSwiftGenerator;
			productReference = A75B27431D22905600DB6FC1 /* JSONToSwiftGenerator */;
			productType = "com.apple.product-type.tool";
		};
/* End PBXNativeTarget section */

/* Begin PBXProject section */
		A75B273B1D22905600DB6FC1 /* Project object */ = {
			isa = PBXProject;
			attributes = {
				LastSwiftUpdateCheck = 0730;
				LastUpgradeCheck = 0730;
				ORGANIZATIONNAME = VladR;
				TargetAttributes = {
					A75B27421D22905600DB6FC1 = {
						CreatedOnToolsVersion = 7.3;
					};
				};
			};
			buildConfigurationList = A75B273E1D22905600DB6FC1 /* Build configuration list for PBXProject "JSONToSwiftGenerator" */;
			compatibilityVersion = "Xcode 3.2";
			developmentRegion = English;
			hasScannedForEncodings = 0;
			knownRegions = (
				en,
			);
			mainGroup = A75B273A1D22905600DB6FC1;
			productRefGroup = A75B27441D22905600DB6FC1 /* Products */;
			projectDirPath = "";
			projectRoot = "";
			targets = (
				A75B27421D22905600DB6FC1 /* JSONToSwiftGenerator */,
			);
		};
/* End PBXProject section */

/* Begin PBXSourcesBuildPhase section */
		A75B273F1D22905600DB6FC1 /* Sources */ = {
			isa = PBXSourcesBuildPhase;
			buildActionMask = 2147483647;
			files = (
				A75B27631D22907500DB6FC1 /* NSNumber+JSONToSwiftGenerator.swift in Sources */,
				A75B275D1D22907500DB6FC1 /* HeaderGenerator.swift in Sources */,
				A75B275C1D22907500DB6FC1 /* Generator.swift in Sources */,
				A75B275F1D22907500DB6FC1 /* SwiftStructFileGenerator.swift in Sources */,
				A75B27641D22907500DB6FC1 /* String+JSONToSwiftGenerator.swift in Sources */,
				A75B27621D22907500DB6FC1 /* Dictionary+JSONToSwiftGenerator.swift in Sources */,
				A75B27601D22907500DB6FC1 /* SwiftStructGenerator.swift in Sources */,
				A75B27611D22907500DB6FC1 /* FileCreator.swift in Sources */,
				A75B275B1D22907500DB6FC1 /* Mapper.swift in Sources */,
				A75B27471D22905600DB6FC1 /* main.swift in Sources */,
				A75B275E1D22907500DB6FC1 /* SwiftStructExtensionGenerator.swift in Sources */,
			);
			runOnlyForDeploymentPostprocessing = 0;
		};
/* End PBXSourcesBuildPhase section */

/* Begin XCBuildConfiguration section */
		A75B27481D22905600DB6FC1 /* Debug */ = {
			isa = XCBuildConfiguration;
			buildSettings = {
				ALWAYS_SEARCH_USER_PATHS = NO;
				CLANG_ANALYZER_NONNULL = YES;
				CLANG_CXX_LANGUAGE_STANDARD = "gnu++0x";
				CLANG_CXX_LIBRARY = "libc++";
				CLANG_ENABLE_MODULES = YES;
				CLANG_ENABLE_OBJC_ARC = YES;
				CLANG_WARN_BOOL_CONVERSION = YES;
				CLANG_WARN_CONSTANT_CONVERSION = YES;
				CLANG_WARN_DIRECT_OBJC_ISA_USAGE = YES_ERROR;
				CLANG_WARN_EMPTY_BODY = YES;
				CLANG_WARN_ENUM_CONVERSION = YES;
				CLANG_WARN_INT_CONVERSION = YES;
				CLANG_WARN_OBJC_ROOT_CLASS = YES_ERROR;
				CLANG_WARN_UNREACHABLE_CODE = YES;
				CLANG_WARN__DUPLICATE_METHOD_MATCH = YES;
				CODE_SIGN_IDENTITY = "-";
				COPY_PHASE_STRIP = NO;
				DEBUG_INFORMATION_FORMAT = dwarf;
				ENABLE_STRICT_OBJC_MSGSEND = YES;
				ENABLE_TESTABILITY = YES;
				GCC_C_LANGUAGE_STANDARD = gnu99;
				GCC_DYNAMIC_NO_PIC = NO;
				GCC_NO_COMMON_BLOCKS = YES;
				GCC_OPTIMIZATION_LEVEL = 0;
				GCC_PREPROCESSOR_DEFINITIONS = (
					"DEBUG=1",
					"$(inherited)",
				);
				GCC_WARN_64_TO_32_BIT_CONVERSION = YES;
				GCC_WARN_ABOUT_RETURN_TYPE = YES_ERROR;
				GCC_WARN_UNDECLARED_SELECTOR = YES;
				GCC_WARN_UNINITIALIZED_AUTOS = YES_AGGRESSIVE;
				GCC_WARN_UNUSED_FUNCTION = YES;
				GCC_WARN_UNUSED_VARIABLE = YES;
				MACOSX_DEPLOYMENT_TARGET = 10.11;
				MTL_ENABLE_DEBUG_INFO = YES;
				ONLY_ACTIVE_ARCH = YES;
				SDKROOT = macosx;
				SWIFT_OPTIMIZATION_LEVEL = "-Onone";
			};
			name = Debug;
		};
		A75B27491D22905600DB6FC1 /* Release */ = {
			isa = XCBuildConfiguration;
			buildSettings = {
				ALWAYS_SEARCH_USER_PATHS = NO;
				CLANG_ANALYZER_NONNULL = YES;
				CLANG_CXX_LANGUAGE_STANDARD = "gnu++0x";
				CLANG_CXX_LIBRARY = "libc++";
				CLANG_ENABLE_MODULES = YES;
				CLANG_ENABLE_OBJC_ARC = YES;
				CLANG_WARN_BOOL_CONVERSION = YES;
				CLANG_WARN_CONSTANT_CONVERSION = YES;
				CLANG_WARN_DIRECT_OBJC_ISA_USAGE = YES_ERROR;
				CLANG_WARN_EMPTY_BODY = YES;
				CLANG_WARN_ENUM_CONVERSION = YES;
				CLANG_WARN_INT_CONVERSION = YES;
				CLANG_WARN_OBJC_ROOT_CLASS = YES_ERROR;
				CLANG_WARN_UNREACHABLE_CODE = YES;
				CLANG_WARN__DUPLICATE_METHOD_MATCH = YES;
				CODE_SIGN_IDENTITY = "-";
				COPY_PHASE_STRIP = NO;
				DEBUG_INFORMATION_FORMAT = "dwarf-with-dsym";
				ENABLE_NS_ASSERTIONS = NO;
				ENABLE_STRICT_OBJC_MSGSEND = YES;
				GCC_C_LANGUAGE_STANDARD = gnu99;
				GCC_NO_COMMON_BLOCKS = YES;
				GCC_WARN_64_TO_32_BIT_CONVERSION = YES;
				GCC_WARN_ABOUT_RETURN_TYPE = YES_ERROR;
				GCC_WARN_UNDECLARED_SELECTOR = YES;
				GCC_WARN_UNINITIALIZED_AUTOS = YES_AGGRESSIVE;
				GCC_WARN_UNUSED_FUNCTION = YES;
				GCC_WARN_UNUSED_VARIABLE = YES;
				MACOSX_DEPLOYMENT_TARGET = 10.11;
				MTL_ENABLE_DEBUG_INFO = NO;
				SDKROOT = macosx;
			};
			name = Release;
		};
		A75B274B1D22905600DB6FC1 /* Debug */ = {
			isa = XCBuildConfiguration;
			buildSettings = {
				PRODUCT_NAME = "$(TARGET_NAME)";
			};
			name = Debug;
		};
		A75B274C1D22905600DB6FC1 /* Release */ = {
			isa = XCBuildConfiguration;
			buildSettings = {
				PRODUCT_NAME = "$(TARGET_NAME)";
			};
			name = Release;
		};
/* End XCBuildConfiguration section */

/* Begin XCConfigurationList section */
		A75B273E1D22905600DB6FC1 /* Build configuration list for PBXProject "JSONToSwiftGenerator" */ = {
			isa = XCConfigurationList;
			buildConfigurations = (
				A75B27481D22905600DB6FC1 /* Debug */,
				A75B27491D22905600DB6FC1 /* Release */,
			);
			defaultConfigurationIsVisible = 0;
			defaultConfigurationName = Release;
		};
		A75B274A1D22905600DB6FC1 /* Build configuration list for PBXNativeTarget "JSONToSwiftGenerator" */ = {
			isa = XCConfigurationList;
			buildConfigurations = (
				A75B274B1D22905600DB6FC1 /* Debug */,
				A75B274C1D22905600DB6FC1 /* Release */,
			);
			defaultConfigurationIsVisible = 0;
		};
/* End XCConfigurationList section */
	};
	rootObject = A75B273B1D22905600DB6FC1 /* Project object */;
}
